
Microsoft Visual Studio Solution File, Format Version 12.00
# Visual Studio Version 17
VisualStudioVersion = 17.10.35122.118
MinimumVisualStudioVersion = 10.0.40219.1
Project("{FAE04EC0-301F-11D3-BF4B-00C04F79EFBC}") = "program", "program\program.csproj", "{F5C5A780-550D-46F3-A0A3-DB9C749E981A}"
EndProject
Global
	GlobalSection(SolutionConfigurationPlatforms) = preSolution
		Debug|Any CPU = Debug|Any CPU
		Release|Any CPU = Release|Any CPU
	EndGlobalSection
	GlobalSection(ProjectConfigurationPlatforms) = postSolution
		{F5C5A780-550D-46F3-A0A3-DB9C749E981A}.Debug|Any CPU.ActiveCfg = Debug|Any CPU
		{F5C5A780-550D-46F3-A0A3-DB9C749E981A}.Debug|Any CPU.Build.0 = Debug|Any CPU
		{F5C5A780-550D-46F3-A0A3-DB9C749E981A}.Release|Any CPU.ActiveCfg = Release|Any CPU
		{F5C5A780-550D-46F3-A0A3-DB9C749E981A}.Release|Any CPU.Build.0 = Release|Any CPU
	EndGlobalSection
	GlobalSection(SolutionProperties) = preSolution
		HideSolutionNode = FALSE
	EndGlobalSection
	GlobalSection(ExtensibilityGlobals) = postSolution
		SolutionGuid = {2A361A2D-78DA-4704-819E-8F09550F5984}
	EndGlobalSection
EndGlobal
