
Microsoft Visual Studio Solution File, Format Version 12.00
# Visual Studio Version 17
VisualStudioVersion = 17.10.35122.118
MinimumVisualStudioVersion = 10.0.40219.1
Project("{FAE04EC0-301F-11D3-BF4B-00C04F79EFBC}") = "c#_day3_2", "c#_day3_2\c#_day3_2.csproj", "{7678F130-550F-497F-BDF8-2904FF453BBF}"
EndProject
Project("{FAE04EC0-301F-11D3-BF4B-00C04F79EFBC}") = "enumeration1", "enum\enumeration1.csproj", "{FBD0B7DA-F26B-4190-9ABC-595612CFC9C5}"
EndProject
Global
	GlobalSection(SolutionConfigurationPlatforms) = preSolution
		Debug|Any CPU = Debug|Any CPU
		Release|Any CPU = Release|Any CPU
	EndGlobalSection
	GlobalSection(ProjectConfigurationPlatforms) = postSolution
		{7678F130-550F-497F-BDF8-2904FF453BBF}.Debug|Any CPU.ActiveCfg = Debug|Any CPU
		{7678F130-550F-497F-BDF8-2904FF453BBF}.Debug|Any CPU.Build.0 = Debug|Any CPU
		{7678F130-550F-497F-BDF8-2904FF453BBF}.Release|Any CPU.ActiveCfg = Release|Any CPU
		{7678F130-550F-497F-BDF8-2904FF453BBF}.Release|Any CPU.Build.0 = Release|Any CPU
		{FBD0B7DA-F26B-4190-9ABC-595612CFC9C5}.Debug|Any CPU.ActiveCfg = Debug|Any CPU
		{FBD0B7DA-F26B-4190-9ABC-595612CFC9C5}.Debug|Any CPU.Build.0 = Debug|Any CPU
		{FBD0B7DA-F26B-4190-9ABC-595612CFC9C5}.Release|Any CPU.ActiveCfg = Release|Any CPU
		{FBD0B7DA-F26B-4190-9ABC-595612CFC9C5}.Release|Any CPU.Build.0 = Release|Any CPU
	EndGlobalSection
	GlobalSection(SolutionProperties) = preSolution
		HideSolutionNode = FALSE
	EndGlobalSection
	GlobalSection(ExtensibilityGlobals) = postSolution
		SolutionGuid = {298E3963-D44F-4B7C-9896-B19E24CFA9B3}
	EndGlobalSection
EndGlobal
